# This file was autogenerated by Stack.
# You should not edit this file by hand.
# For more information, please see the documentation at:
#   https://docs.haskellstack.org/en/stable/lock_files

packages: []
snapshots:
- completed:
    sha256: 38615d864dc3f7e21ccbe3c3934c6c28753285e093a25a0c7e8a9aab49e1daf9
    size: 650205
    url: https://raw.githubusercontent.com/commercialhaskell/stackage-snapshots/master/nightly/2024/7/2.yaml
  original: nightly-2024-07-02
